
Microsoft Visual Studio Solution File, Format Version 12.00
# Visual Studio Version 16
VisualStudioVersion = 16.0.30225.117
MinimumVisualStudioVersion = 10.0.40219.1
Project("{FAE04EC0-301F-11D3-BF4B-00C04F79EFBC}") = "SM64Mus", "SM64Mus\SM64Mus.csproj", "{2078F486-37D6-46DB-AFC3-3235B36436EB}"
EndProject
Project("{8BC9CEB8-8B4A-11D0-8D11-00A0C91BC942}") = "midi2m64", "m64lab\midi2m64\midi2m64.vcxproj", "{8DB7866B-007C-43AB-A01F-5E7D5E7CEFE2}"
EndProject
Global
	GlobalSection(SolutionConfigurationPlatforms) = preSolution
		Debug|Any CPU = Debug|Any CPU
		Debug|x64 = Debug|x64
		Debug|x86 = Debug|x86
		Release|Any CPU = Release|Any CPU
		Release|x64 = Release|x64
		Release|x86 = Release|x86
	EndGlobalSection
	GlobalSection(ProjectConfigurationPlatforms) = postSolution
		{2078F486-37D6-46DB-AFC3-3235B36436EB}.Debug|Any CPU.ActiveCfg = Debug|Any CPU
		{2078F486-37D6-46DB-AFC3-3235B36436EB}.Debug|Any CPU.Build.0 = Debug|Any CPU
		{2078F486-37D6-46DB-AFC3-3235B36436EB}.Debug|x64.ActiveCfg = Debug|x64
		{2078F486-37D6-46DB-AFC3-3235B36436EB}.Debug|x64.Build.0 = Debug|x64
		{2078F486-37D6-46DB-AFC3-3235B36436EB}.Debug|x86.ActiveCfg = Debug|Any CPU
		{2078F486-37D6-46DB-AFC3-3235B36436EB}.Debug|x86.Build.0 = Debug|Any CPU
		{2078F486-37D6-46DB-AFC3-3235B36436EB}.Release|Any CPU.ActiveCfg = Release|Any CPU
		{2078F486-37D6-46DB-AFC3-3235B36436EB}.Release|Any CPU.Build.0 = Release|Any CPU
		{2078F486-37D6-46DB-AFC3-3235B36436EB}.Release|x64.ActiveCfg = Release|x64
		{2078F486-37D6-46DB-AFC3-3235B36436EB}.Release|x64.Build.0 = Release|x64
		{2078F486-37D6-46DB-AFC3-3235B36436EB}.Release|x86.ActiveCfg = Release|Any CPU
		{2078F486-37D6-46DB-AFC3-3235B36436EB}.Release|x86.Build.0 = Release|Any CPU
		{8DB7866B-007C-43AB-A01F-5E7D5E7CEFE2}.Debug|Any CPU.ActiveCfg = Debug|Win32
		{8DB7866B-007C-43AB-A01F-5E7D5E7CEFE2}.Debug|x64.ActiveCfg = Debug|x64
		{8DB7866B-007C-43AB-A01F-5E7D5E7CEFE2}.Debug|x64.Build.0 = Debug|x64
		{8DB7866B-007C-43AB-A01F-5E7D5E7CEFE2}.Debug|x86.ActiveCfg = Debug|Win32
		{8DB7866B-007C-43AB-A01F-5E7D5E7CEFE2}.Debug|x86.Build.0 = Debug|Win32
		{8DB7866B-007C-43AB-A01F-5E7D5E7CEFE2}.Release|Any CPU.ActiveCfg = Release|Win32
		{8DB7866B-007C-43AB-A01F-5E7D5E7CEFE2}.Release|x64.ActiveCfg = Release|x64
		{8DB7866B-007C-43AB-A01F-5E7D5E7CEFE2}.Release|x64.Build.0 = Release|x64
		{8DB7866B-007C-43AB-A01F-5E7D5E7CEFE2}.Release|x86.ActiveCfg = Release|Win32
		{8DB7866B-007C-43AB-A01F-5E7D5E7CEFE2}.Release|x86.Build.0 = Release|Win32
	EndGlobalSection
	GlobalSection(SolutionProperties) = preSolution
		HideSolutionNode = FALSE
	EndGlobalSection
	GlobalSection(ExtensibilityGlobals) = postSolution
		SolutionGuid = {5D81293B-D542-4BFE-9E09-9231CA08658F}
	EndGlobalSection
EndGlobal
